# Code generated by fo mod tidy. DO NOT EDIT.
module github.com/Feralthedogg/Fo
fo 1

import host fmt
import host strings
import local github.com/Feralthedogg/Fo/cmd/fo
import local github.com/Feralthedogg/Fo/internal/ast
import local github.com/Feralthedogg/Fo/internal/checker
import local github.com/Feralthedogg/Fo/internal/codegen
import local github.com/Feralthedogg/Fo/internal/diagnostic
import local github.com/Feralthedogg/Fo/internal/driver
import local github.com/Feralthedogg/Fo/internal/lexer
import local github.com/Feralthedogg/Fo/internal/parser
import local github.com/Feralthedogg/Fo/internal/token
